
Microsoft Visual Studio Solution File, Format Version 12.00
# Visual Studio Version 16
VisualStudioVersion = 16.0.30907.101
MinimumVisualStudioVersion = 10.0.40219.1
Project("{FAE04EC0-301F-11D3-BF4B-00C04F79EFBC}") = "VaccineFinder", "VaccineFinder\VaccineFinder.csproj", "{C990DF10-7555-4760-93F3-3C3C8D11A3A8}"
EndProject
Global
	GlobalSection(SolutionConfigurationPlatforms) = preSolution
		Debug|Any CPU = Debug|Any CPU
		Release|Any CPU = Release|Any CPU
	EndGlobalSection
	GlobalSection(ProjectConfigurationPlatforms) = postSolution
		{C990DF10-7555-4760-93F3-3C3C8D11A3A8}.Debug|Any CPU.ActiveCfg = Debug|Any CPU
		{C990DF10-7555-4760-93F3-3C3C8D11A3A8}.Debug|Any CPU.Build.0 = Debug|Any CPU
		{C990DF10-7555-4760-93F3-3C3C8D11A3A8}.Release|Any CPU.ActiveCfg = Release|Any CPU
		{C990DF10-7555-4760-93F3-3C3C8D11A3A8}.Release|Any CPU.Build.0 = Release|Any CPU
	EndGlobalSection
	GlobalSection(SolutionProperties) = preSolution
		HideSolutionNode = FALSE
	EndGlobalSection
	GlobalSection(ExtensibilityGlobals) = postSolution
		SolutionGuid = {48A989ED-FC2D-4FF0-9331-1317040A89CC}
	EndGlobalSection
EndGlobal
